{
  "originHash" : "fbdec518f66720abc9cceef1ea36ee3229c4faa09fdcfd36f45e77839c989f98",
  "pins" : [
    {
      "identity" : "purchases-ios",
      "kind" : "remoteSourceControl",
      "location" : "https://github.com/RevenueCat/purchases-ios",
      "state" : {
        "revision" : "5a0985f297ccd8870c85d86fde97695ca466ff99",
        "version" : "5.45.0"
      }
    }
  ],
  "version" : 3
}
